github.com/go-haru/errors v0.0.2 h1:RT1ble2Tqil1pTnS+XhgKSsBEwtCGf5Yiuc/5zxjqj8=
github.com/go-haru/errors v0.0.2/go.mod h1:BOBy1FuUxOJGqthHMnS5T+aP5CsNCtEZc0ruAphzumg=
github.com/go-haru/field v0.0.2 h1:HNeiZK2P9LBh2EGA02dqwUQ84Sy9UQJWya46rpqgJJk=
github.com/go-haru/field v0.0.2/go.mod h1:UzbpjjxUdGqhNZo2GeER34W8V6CcyfIicX+bcr+AA9M=
github.com/go-haru/log v0.0.2 h1:wy50vpc4haWaETeqB3eAn7scNXoVPG0Lg0C1Oe6P0co=
github.com/go-haru/log v0.0.2/go.mod h1:EFJYbEnRRnXLuLtSydDMIRYNYqCfgGTupf5853aUdEM=
github.com/go-haru/network v0.0.1 h1:FN5vClhfSf4vchIvkdDYGmhLRx9jZbDsbFk4dY1nL+c=
github.com/go-haru/network v0.0.1/go.mod h1:o+1eILt5zNtZ+MyIjXeIiAJrtZnnVy6yPoR6xruxFuw=
github.com/go-sql-driver/mysql v1.7.0/go.mod h1:OXbVy3sEdcQ2Doequ6Z5BW6fXNQTmx+9S1MCJN5yJMI=
github.com/go-sql-driver/mysql v1.7.1 h1:lUIinVbN1DY0xBg0eMOzmmtGoHwWBbvnWubQUrtU8EI=
github.com/go-sql-driver/mysql v1.7.1/go.mod h1:OXbVy3sEdcQ2Doequ6Z5BW6fXNQTmx+9S1MCJN5yJMI=
github.com/jinzhu/inflection v1.0.0 h1:K317FqzuhWc8YvSVlFMCCUb36O/S9MCKRDI7QkRKD/E=
github.com/jinzhu/inflection v1.0.0/go.mod h1:h+uFLlag+Qp1Va5pdKtLDYj+kHp5pxUVkryuEj+Srlc=
github.com/jinzhu/now v1.1.5 h1:/o9tlHleP7gOFmsnYNz3RGnqzefHA47wQpKrrdTIwXQ=
github.com/jinzhu/now v1.1.5/go.mod h1:d3SSVoowX0Lcu0IBviAWJpolVfI5UJVZZ7cO71lE/z8=
gorm.io/driver/mysql v1.5.4 h1:igQmHfKcbaTVyAIHNhhB888vvxh8EdQ2uSUT0LPcBso=
gorm.io/driver/mysql v1.5.4/go.mod h1:9rYxJph/u9SWkWc9yY4XJ1F/+xO0S/ChOmbk3+Z5Tvs=
gorm.io/gorm v1.25.7-0.20240204074919-46816ad31dde/go.mod h1:hbnx/Oo0ChWMn1BIhpy1oYozzpM15i4YPuHDmfYtwg8=
gorm.io/gorm v1.25.7 h1:VsD6acwRjz2zFxGO50gPO6AkNs7KKnvfzUjHQhZDz/A=
gorm.io/gorm v1.25.7/go.mod h1:hbnx/Oo0ChWMn1BIhpy1oYozzpM15i4YPuHDmfYtwg8=
